
Microsoft Visual Studio Solution File, Format Version 12.00
# Visual Studio Version 16
VisualStudioVersion = 16.0.34407.143
MinimumVisualStudioVersion = 10.0.40219.1
Project("{FAE04EC0-301F-11D3-BF4B-00C04F79EFBC}") = "sueldo", "sueldo.csproj", "{187C4472-0B5E-4D37-A5B4-AE0F4BECAC8D}"
EndProject
Global
	GlobalSection(SolutionConfigurationPlatforms) = preSolution
		Debug|Any CPU = Debug|Any CPU
		Release|Any CPU = Release|Any CPU
	EndGlobalSection
	GlobalSection(ProjectConfigurationPlatforms) = postSolution
		{187C4472-0B5E-4D37-A5B4-AE0F4BECAC8D}.Debug|Any CPU.ActiveCfg = Debug|Any CPU
		{187C4472-0B5E-4D37-A5B4-AE0F4BECAC8D}.Debug|Any CPU.Build.0 = Debug|Any CPU
		{187C4472-0B5E-4D37-A5B4-AE0F4BECAC8D}.Release|Any CPU.ActiveCfg = Release|Any CPU
		{187C4472-0B5E-4D37-A5B4-AE0F4BECAC8D}.Release|Any CPU.Build.0 = Release|Any CPU
	EndGlobalSection
	GlobalSection(SolutionProperties) = preSolution
		HideSolutionNode = FALSE
	EndGlobalSection
	GlobalSection(ExtensibilityGlobals) = postSolution
		SolutionGuid = {93347471-2002-4F11-A54D-E93BC812B79D}
	EndGlobalSection
EndGlobal
